
Microsoft Visual Studio Solution File, Format Version 12.00
# Visual Studio Version 16
VisualStudioVersion = 16.0.29403.142
MinimumVisualStudioVersion = 10.0.40219.1
Project("{FAE04EC0-301F-11D3-BF4B-00C04F79EFBC}") = "Acresh", "Acresh\Acresh.csproj", "{241BAB06-756A-4293-B2CD-2E9C1C00FC78}"
EndProject
Project("{2150E333-8FDC-42A3-9474-1A3956D46DE8}") = "Infrastructure", "Infrastructure", "{9A477ED8-D985-4A50-888D-4BCA7F9EE75C}"
EndProject
Project("{FAE04EC0-301F-11D3-BF4B-00C04F79EFBC}") = "Infrastructure.Data", "Infrastructure.Data\Infrastructure.Data.csproj", "{612F1F26-233B-491D-A2C2-DB8C2D7DE8C2}"
EndProject
Project("{FAE04EC0-301F-11D3-BF4B-00C04F79EFBC}") = "Infrastructure.Models", "Infrastructure.Models\Infrastructure.Models.csproj", "{5B1BF98D-45B9-4CC0-9DAA-D59034E9476C}"
EndProject
Project("{FAE04EC0-301F-11D3-BF4B-00C04F79EFBC}") = "Infrastructure.DataProvider", "Infrastructure.DataProvider\Infrastructure.DataProvider.csproj", "{3AE4B163-D1AA-4422-9F0D-C0BFBF098304}"
EndProject
Global
	GlobalSection(SolutionConfigurationPlatforms) = preSolution
		Debug|Any CPU = Debug|Any CPU
		Release|Any CPU = Release|Any CPU
	EndGlobalSection
	GlobalSection(ProjectConfigurationPlatforms) = postSolution
		{241BAB06-756A-4293-B2CD-2E9C1C00FC78}.Debug|Any CPU.ActiveCfg = Debug|Any CPU
		{241BAB06-756A-4293-B2CD-2E9C1C00FC78}.Debug|Any CPU.Build.0 = Debug|Any CPU
		{241BAB06-756A-4293-B2CD-2E9C1C00FC78}.Release|Any CPU.ActiveCfg = Release|Any CPU
		{241BAB06-756A-4293-B2CD-2E9C1C00FC78}.Release|Any CPU.Build.0 = Release|Any CPU
		{612F1F26-233B-491D-A2C2-DB8C2D7DE8C2}.Debug|Any CPU.ActiveCfg = Debug|Any CPU
		{612F1F26-233B-491D-A2C2-DB8C2D7DE8C2}.Debug|Any CPU.Build.0 = Debug|Any CPU
		{612F1F26-233B-491D-A2C2-DB8C2D7DE8C2}.Release|Any CPU.ActiveCfg = Release|Any CPU
		{612F1F26-233B-491D-A2C2-DB8C2D7DE8C2}.Release|Any CPU.Build.0 = Release|Any CPU
		{5B1BF98D-45B9-4CC0-9DAA-D59034E9476C}.Debug|Any CPU.ActiveCfg = Debug|Any CPU
		{5B1BF98D-45B9-4CC0-9DAA-D59034E9476C}.Debug|Any CPU.Build.0 = Debug|Any CPU
		{5B1BF98D-45B9-4CC0-9DAA-D59034E9476C}.Release|Any CPU.ActiveCfg = Release|Any CPU
		{5B1BF98D-45B9-4CC0-9DAA-D59034E9476C}.Release|Any CPU.Build.0 = Release|Any CPU
		{3AE4B163-D1AA-4422-9F0D-C0BFBF098304}.Debug|Any CPU.ActiveCfg = Debug|Any CPU
		{3AE4B163-D1AA-4422-9F0D-C0BFBF098304}.Debug|Any CPU.Build.0 = Debug|Any CPU
		{3AE4B163-D1AA-4422-9F0D-C0BFBF098304}.Release|Any CPU.ActiveCfg = Release|Any CPU
		{3AE4B163-D1AA-4422-9F0D-C0BFBF098304}.Release|Any CPU.Build.0 = Release|Any CPU
	EndGlobalSection
	GlobalSection(SolutionProperties) = preSolution
		HideSolutionNode = FALSE
	EndGlobalSection
	GlobalSection(NestedProjects) = preSolution
		{612F1F26-233B-491D-A2C2-DB8C2D7DE8C2} = {9A477ED8-D985-4A50-888D-4BCA7F9EE75C}
		{5B1BF98D-45B9-4CC0-9DAA-D59034E9476C} = {9A477ED8-D985-4A50-888D-4BCA7F9EE75C}
		{3AE4B163-D1AA-4422-9F0D-C0BFBF098304} = {9A477ED8-D985-4A50-888D-4BCA7F9EE75C}
	EndGlobalSection
	GlobalSection(ExtensibilityGlobals) = postSolution
		SolutionGuid = {ED3B77B2-09DB-43A8-9D37-A0A45885DE84}
	EndGlobalSection
EndGlobal
